
Microsoft Visual Studio Solution File, Format Version 12.00
# Visual Studio Version 17
VisualStudioVersion = 17.14.36414.22
MinimumVisualStudioVersion = 10.0.40219.1
Project("{FAE04EC0-301F-11D3-BF4B-00C04F79EFBC}") = "WinFormsGrafikoa", "WinFormsGrafikoa\WinFormsGrafikoa.csproj", "{92A6FFC0-AEF6-4CBF-9422-3B1CBE69973E}"
EndProject
Project("{FAE04EC0-301F-11D3-BF4B-00C04F79EFBC}") = "WindowsFormsApp1", "WindowsFormsApp1\WindowsFormsApp1.csproj", "{FE5BBC93-D46E-4048-AC42-CCA957C8726E}"
EndProject
Global
	GlobalSection(SolutionConfigurationPlatforms) = preSolution
		Debug|Any CPU = Debug|Any CPU
		Release|Any CPU = Release|Any CPU
	EndGlobalSection
	GlobalSection(ProjectConfigurationPlatforms) = postSolution
		{92A6FFC0-AEF6-4CBF-9422-3B1CBE69973E}.Debug|Any CPU.ActiveCfg = Debug|Any CPU
		{92A6FFC0-AEF6-4CBF-9422-3B1CBE69973E}.Debug|Any CPU.Build.0 = Debug|Any CPU
		{92A6FFC0-AEF6-4CBF-9422-3B1CBE69973E}.Release|Any CPU.ActiveCfg = Release|Any CPU
		{92A6FFC0-AEF6-4CBF-9422-3B1CBE69973E}.Release|Any CPU.Build.0 = Release|Any CPU
		{FE5BBC93-D46E-4048-AC42-CCA957C8726E}.Debug|Any CPU.ActiveCfg = Debug|Any CPU
		{FE5BBC93-D46E-4048-AC42-CCA957C8726E}.Debug|Any CPU.Build.0 = Debug|Any CPU
		{FE5BBC93-D46E-4048-AC42-CCA957C8726E}.Release|Any CPU.ActiveCfg = Release|Any CPU
		{FE5BBC93-D46E-4048-AC42-CCA957C8726E}.Release|Any CPU.Build.0 = Release|Any CPU
	EndGlobalSection
	GlobalSection(SolutionProperties) = preSolution
		HideSolutionNode = FALSE
	EndGlobalSection
	GlobalSection(ExtensibilityGlobals) = postSolution
		SolutionGuid = {D73B4C1B-7053-42C3-BB05-01065AAFBBBF}
	EndGlobalSection
EndGlobal
