
Microsoft Visual Studio Solution File, Format Version 12.00
# Visual Studio Version 17
VisualStudioVersion = 17.14.36518.9 d17.14
MinimumVisualStudioVersion = 10.0.40219.1
Project("{FAE04EC0-301F-11D3-BF4B-00C04F79EFBC}") = "GastuDiruaDll", "GastuDiruaDll\GastuDiruaDll.csproj", "{6E8B8BAD-9990-4B73-94C9-E0E3F330AEFB}"
EndProject
Global
	GlobalSection(SolutionConfigurationPlatforms) = preSolution
		Debug|Any CPU = Debug|Any CPU
		Release|Any CPU = Release|Any CPU
	EndGlobalSection
	GlobalSection(ProjectConfigurationPlatforms) = postSolution
		{6E8B8BAD-9990-4B73-94C9-E0E3F330AEFB}.Debug|Any CPU.ActiveCfg = Debug|Any CPU
		{6E8B8BAD-9990-4B73-94C9-E0E3F330AEFB}.Debug|Any CPU.Build.0 = Debug|Any CPU
		{6E8B8BAD-9990-4B73-94C9-E0E3F330AEFB}.Release|Any CPU.ActiveCfg = Release|Any CPU
		{6E8B8BAD-9990-4B73-94C9-E0E3F330AEFB}.Release|Any CPU.Build.0 = Release|Any CPU
	EndGlobalSection
	GlobalSection(SolutionProperties) = preSolution
		HideSolutionNode = FALSE
	EndGlobalSection
	GlobalSection(ExtensibilityGlobals) = postSolution
		SolutionGuid = {DBA27222-9B0E-4A40-93BE-143F99B202A5}
	EndGlobalSection
EndGlobal
