
Microsoft Visual Studio Solution File, Format Version 12.00
# Visual Studio Version 17
VisualStudioVersion = 17.14.36518.9 d17.14
MinimumVisualStudioVersion = 10.0.40219.1
Project("{FAE04EC0-301F-11D3-BF4B-00C04F79EFBC}") = "PuntuazioBanaketaDll", "PuntuazioBanaketaDll\PuntuazioBanaketaDll.csproj", "{989EB747-903B-4396-A9DE-947760184619}"
EndProject
Global
	GlobalSection(SolutionConfigurationPlatforms) = preSolution
		Debug|Any CPU = Debug|Any CPU
		Release|Any CPU = Release|Any CPU
	EndGlobalSection
	GlobalSection(ProjectConfigurationPlatforms) = postSolution
		{989EB747-903B-4396-A9DE-947760184619}.Debug|Any CPU.ActiveCfg = Debug|Any CPU
		{989EB747-903B-4396-A9DE-947760184619}.Debug|Any CPU.Build.0 = Debug|Any CPU
		{989EB747-903B-4396-A9DE-947760184619}.Release|Any CPU.ActiveCfg = Release|Any CPU
		{989EB747-903B-4396-A9DE-947760184619}.Release|Any CPU.Build.0 = Release|Any CPU
	EndGlobalSection
	GlobalSection(SolutionProperties) = preSolution
		HideSolutionNode = FALSE
	EndGlobalSection
	GlobalSection(ExtensibilityGlobals) = postSolution
		SolutionGuid = {4B00CDCB-8D95-46D7-9930-961E871C6A42}
	EndGlobalSection
EndGlobal
